{
  "name": "axios-docker",
  "version": "1.0.0",
  "lockfileVersion": 1,
  "requires": true,
  "dependencies": {
    "JSONStream": {
      "version": "0.10.0",
      "resolved": "https://registry.npm.taobao.org/JSONStream/download/JSONStream-0.10.0.tgz",
      "integrity": "sha1-dDSdDYlSK3HzDwoD/5vSDKbxKsA=",
      "requires": {
        "jsonparse": "0.0.5",
        "through": ">=2.2.7 <3"
      }
    },
    "ajv": {
      "version": "4.11.8",
      "resolved": "https://registry.npm.taobao.org/ajv/download/ajv-4.11.8.tgz",
      "integrity": "sha1-gv+wKynmYq5TvcIK8VlHcGc5xTY=",
      "optional": true,
      "requires": {
        "co": "^4.6.0",
        "json-stable-stringify": "^1.0.1"
      }
    },
    "ambi": {
      "version": "2.5.0",
      "resolved": "https://registry.npm.taobao.org/ambi/download/ambi-2.5.0.tgz",
      "integrity": "sha1-fI43K+SIkRV+fOoBy2+RQ9H3QiA=",
      "requires": {
        "editions": "^1.1.1",
        "typechecker": "^4.3.0"
      },
      "dependencies": {
        "editions": {
          "version": "1.3.4",
          "resolved": "https://registry.npm.taobao.org/editions/download/editions-1.3.4.tgz",
          "integrity": "sha1-NmLLWSNHwxaOuOSYoP9zJx1n9Qs="
        }
      }
    },
    "argparse": {
      "version": "1.0.10",
      "resolved": "https://registry.npm.taobao.org/argparse/download/argparse-1.0.10.tgz",
      "integrity": "sha1-vNZ5HqWuCXJeF+WtmIE0zUCz2RE=",
      "requires": {
        "sprintf-js": "~1.0.2"
      }
    },
    "asap": {
      "version": "2.0.6",
      "resolved": "https://registry.npm.taobao.org/asap/download/asap-2.0.6.tgz",
      "integrity": "sha1-5QNHYR1+aQlDIIu9r+vLwvuGbUY=",
      "optional": true
    },
    "asn1": {
      "version": "0.2.4",
      "resolved": "https://registry.npm.taobao.org/asn1/download/asn1-0.2.4.tgz",
      "integrity": "sha1-jSR136tVO7M+d7VOWeiAu4ziMTY=",
      "optional": true,
      "requires": {
        "safer-buffer": "~2.1.0"
      }
    },
    "assert-plus": {
      "version": "0.2.0",
      "resolved": "https://registry.npm.taobao.org/assert-plus/download/assert-plus-0.2.0.tgz",
      "integrity": "sha1-104bh+ev/A24qttwIfP+SBAasjQ=",
      "optional": true
    },
    "async": {
      "version": "1.5.2",
      "resolved": "https://registry.npm.taobao.org/async/download/async-1.5.2.tgz",
      "integrity": "sha1-7GphrlZIDAw8skHJVhjiCJL5Zyo="
    },
    "asynckit": {
      "version": "0.4.0",
      "resolved": "https://registry.npm.taobao.org/asynckit/download/asynckit-0.4.0.tgz",
      "integrity": "sha1-x57Zf380y48robyXkLzDZkdLS3k=",
      "optional": true
    },
    "atob": {
      "version": "2.1.2",
      "resolved": "https://registry.npm.taobao.org/atob/download/atob-2.1.2.tgz",
      "integrity": "sha1-bZUX654DDSQ2ZmZR6GvZ9vE1M8k="
    },
    "aws-sign2": {
      "version": "0.6.0",
      "resolved": "https://registry.npm.taobao.org/aws-sign2/download/aws-sign2-0.6.0.tgz",
      "integrity": "sha1-FDQt0428yU0OW4fXY81jYSwOeU8=",
      "optional": true
    },
    "aws4": {
      "version": "1.10.1",
      "resolved": "https://registry.npm.taobao.org/aws4/download/aws4-1.10.1.tgz",
      "integrity": "sha1-4eguTz6Zniz9YbFhKA0WoRH4ZCg=",
      "optional": true
    },
    "base64-js": {
      "version": "1.3.1",
      "resolved": "https://registry.npm.taobao.org/base64-js/download/base64-js-1.3.1.tgz",
      "integrity": "sha1-WOzoy3XdB+ce0IxzarxfrE2/jfE="
    },
    "bcrypt-pbkdf": {
      "version": "1.0.2",
      "resolved": "https://registry.npm.taobao.org/bcrypt-pbkdf/download/bcrypt-pbkdf-1.0.2.tgz",
      "integrity": "sha1-pDAdOJtqQ/m2f/PKEaP2Y342Dp4=",
      "optional": true,
      "requires": {
        "tweetnacl": "^0.14.3"
      }
    },
    "bl": {
      "version": "4.0.3",
      "resolved": "https://registry.npm.taobao.org/bl/download/bl-4.0.3.tgz?cache=0&sync_timestamp=1599194096787&other_urls=https%3A%2F%2Fregistry.npm.taobao.org%2Fbl%2Fdownload%2Fbl-4.0.3.tgz",
      "integrity": "sha1-EtYoetwpCA4ipwXldksqlSLNxIk=",
      "requires": {
        "buffer": "^5.5.0",
        "inherits": "^2.0.4",
        "readable-stream": "^3.4.0"
      },
      "dependencies": {
        "readable-stream": {
          "version": "3.6.0",
          "resolved": "https://registry.npm.taobao.org/readable-stream/download/readable-stream-3.6.0.tgz",
          "integrity": "sha1-M3u9o63AcGvT4CRCaihtS0sskZg=",
          "requires": {
            "inherits": "^2.0.3",
            "string_decoder": "^1.1.1",
            "util-deprecate": "^1.0.1"
          }
        },
        "string_decoder": {
          "version": "1.3.0",
          "resolved": "https://registry.npm.taobao.org/string_decoder/download/string_decoder-1.3.0.tgz",
          "integrity": "sha1-QvEUWUpGzxqOMLCoT1bHjD7awh4=",
          "requires": {
            "safe-buffer": "~5.2.0"
          }
        }
      }
    },
    "boom": {
      "version": "2.10.1",
      "resolved": "https://registry.npm.taobao.org/boom/download/boom-2.10.1.tgz",
      "integrity": "sha1-OciRjO/1eZ+D+UkqhI9iWt0Mdm8=",
      "optional": true,
      "requires": {
        "hoek": "2.x.x"
      }
    },
    "buffer": {
      "version": "5.6.0",
      "resolved": "https://registry.npm.taobao.org/buffer/download/buffer-5.6.0.tgz",
      "integrity": "sha1-oxdJ3H2B2E2wir+Te2uMQDP2J4Y=",
      "requires": {
        "base64-js": "^1.0.2",
        "ieee754": "^1.1.4"
      }
    },
    "caseless": {
      "version": "0.12.0",
      "resolved": "https://registry.npm.taobao.org/caseless/download/caseless-0.12.0.tgz",
      "integrity": "sha1-G2gcIf+EAzyCZUMJBolCDRhxUdw=",
      "optional": true
    },
    "chownr": {
      "version": "1.1.4",
      "resolved": "https://registry.npm.taobao.org/chownr/download/chownr-1.1.4.tgz",
      "integrity": "sha1-b8nXtC0ypYNZYzdmbn0ICE2izGs="
    },
    "co": {
      "version": "4.6.0",
      "resolved": "https://registry.npm.taobao.org/co/download/co-4.6.0.tgz",
      "integrity": "sha1-bqa989hTrlTMuOR7+gvz+QMfsYQ=",
      "optional": true
    },
    "combined-stream": {
      "version": "1.0.8",
      "resolved": "https://registry.npm.taobao.org/combined-stream/download/combined-stream-1.0.8.tgz",
      "integrity": "sha1-w9RaizT9cwYxoRCoolIGgrMdWn8=",
      "optional": true,
      "requires": {
        "delayed-stream": "~1.0.0"
      }
    },
    "commander": {
      "version": "2.20.3",
      "resolved": "https://registry.npm.taobao.org/commander/download/commander-2.20.3.tgz?cache=0&sync_timestamp=1598576046744&other_urls=https%3A%2F%2Fregistry.npm.taobao.org%2Fcommander%2Fdownload%2Fcommander-2.20.3.tgz",
      "integrity": "sha1-/UhehMA+tIgcIHIrpIA16FMa6zM="
    },
    "core-util-is": {
      "version": "1.0.2",
      "resolved": "https://registry.npm.taobao.org/core-util-is/download/core-util-is-1.0.2.tgz",
      "integrity": "sha1-tf1UIgqivFq1eqtxQMlAdUUDwac="
    },
    "cryptiles": {
      "version": "2.0.5",
      "resolved": "https://registry.npm.taobao.org/cryptiles/download/cryptiles-2.0.5.tgz",
      "integrity": "sha1-O9/s3GCBR8HGcgL6KR59ylnqo7g=",
      "optional": true,
      "requires": {
        "boom": "2.x.x"
      }
    },
    "csextends": {
      "version": "1.2.0",
      "resolved": "https://registry.npm.taobao.org/csextends/download/csextends-1.2.0.tgz",
      "integrity": "sha1-Y3SyEJhLVNRJXynJnT3QabgFQ+U="
    },
    "css": {
      "version": "2.2.4",
      "resolved": "https://registry.npm.taobao.org/css/download/css-2.2.4.tgz?cache=0&sync_timestamp=1593663585785&other_urls=https%3A%2F%2Fregistry.npm.taobao.org%2Fcss%2Fdownload%2Fcss-2.2.4.tgz",
      "integrity": "sha1-xkZ1XHOXHyu6amAeLPL9cbEpiSk=",
      "requires": {
        "inherits": "^2.0.3",
        "source-map": "^0.6.1",
        "source-map-resolve": "^0.5.2",
        "urix": "^0.1.0"
      }
    },
    "dashdash": {
      "version": "1.14.1",
      "resolved": "https://registry.npm.taobao.org/dashdash/download/dashdash-1.14.1.tgz?cache=0&sync_timestamp=1601073381998&other_urls=https%3A%2F%2Fregistry.npm.taobao.org%2Fdashdash%2Fdownload%2Fdashdash-1.14.1.tgz",
      "integrity": "sha1-hTz6D3y+L+1d4gMmuN1YEDX24vA=",
      "optional": true,
      "requires": {
        "assert-plus": "^1.0.0"
      },
      "dependencies": {
        "assert-plus": {
          "version": "1.0.0",
          "resolved": "https://registry.npm.taobao.org/assert-plus/download/assert-plus-1.0.0.tgz",
          "integrity": "sha1-8S4PPF13sLHN2RRpQuTpbB5N1SU=",
          "optional": true
        }
      }
    },
    "debug": {
      "version": "2.6.9",
      "resolved": "https://registry.npm.taobao.org/debug/download/debug-2.6.9.tgz?cache=0&sync_timestamp=1600502873540&other_urls=https%3A%2F%2Fregistry.npm.taobao.org%2Fdebug%2Fdownload%2Fdebug-2.6.9.tgz",
      "integrity": "sha1-XRKFFd8TT/Mn6QpMk/Tgd6U2NB8=",
      "requires": {
        "ms": "2.0.0"
      }
    },
    "decode-uri-component": {
      "version": "0.2.0",
      "resolved": "https://registry.npm.taobao.org/decode-uri-component/download/decode-uri-component-0.2.0.tgz",
      "integrity": "sha1-6zkTMzRYd1y4TNGh+uBiEGu4dUU="
    },
    "delayed-stream": {
      "version": "1.0.0",
      "resolved": "https://registry.npm.taobao.org/delayed-stream/download/delayed-stream-1.0.0.tgz",
      "integrity": "sha1-3zrhmayt+31ECqrgsp4icrJOxhk=",
      "optional": true
    },
    "docker": {
      "version": "1.0.0",
      "resolved": "https://registry.npm.taobao.org/docker/download/docker-1.0.0.tgz",
      "integrity": "sha1-pNyh8nR1/MOwLVAkXh2n7dcX5Xs=",
      "requires": {
        "async": "^1.4.0",
        "commander": "^2.9.0",
        "css": "^2.2.1",
        "dox": "^0.8.0",
        "ejs": "^2.3.3",
        "extend": "^3.0.0",
        "highlight.js": "^9.3.0",
        "less": "^2.5.1",
        "markdown-it": "^6.0.1",
        "mkdirp": "^0.5.1",
        "repeating": "^2.0.1",
        "strip-indent": "^2.0.0",
        "toc": "^0.4.0",
        "watchr": "^2.4.13"
      }
    },
    "docker-modem": {
      "version": "0.3.7",
      "resolved": "https://registry.npm.taobao.org/docker-modem/download/docker-modem-0.3.7.tgz",
      "integrity": "sha1-P1ENCfXTNNwhNCKPkr00RnEiffQ=",
      "requires": {
        "JSONStream": "0.10.0",
        "debug": "^2.6.0",
        "readable-stream": "~1.0.26-4",
        "split-ca": "^1.0.0"
      }
    },
    "dox": {
      "version": "0.8.1",
      "resolved": "https://registry.npm.taobao.org/dox/download/dox-0.8.1.tgz",
      "integrity": "sha1-163jQzNpG7kNeIYFW+z0n5Kv0G8=",
      "requires": {
        "commander": "~2.9.0",
        "jsdoctypeparser": "^1.2.0",
        "marked": "~0.3.5"
      },
      "dependencies": {
        "commander": {
          "version": "2.9.0",
          "resolved": "https://registry.npm.taobao.org/commander/download/commander-2.9.0.tgz?cache=0&sync_timestamp=1598576046744&other_urls=https%3A%2F%2Fregistry.npm.taobao.org%2Fcommander%2Fdownload%2Fcommander-2.9.0.tgz",
          "integrity": "sha1-nJkJQXbhIkDLItbFFGCYQA/g99Q=",
          "requires": {
            "graceful-readlink": ">= 1.0.0"
          }
        }
      }
    },
    "eachr": {
      "version": "3.3.0",
      "resolved": "https://registry.npm.taobao.org/eachr/download/eachr-3.3.0.tgz",
      "integrity": "sha1-Efcoe+fTHWuZlH/g2Ked6ZrCpGk=",
      "requires": {
        "editions": "^2.2.0",
        "typechecker": "^4.9.0"
      }
    },
    "ecc-jsbn": {
      "version": "0.1.2",
      "resolved": "https://registry.npm.taobao.org/ecc-jsbn/download/ecc-jsbn-0.1.2.tgz",
      "integrity": "sha1-OoOpBOVDUyh4dMVkt1SThoSamMk=",
      "optional": true,
      "requires": {
        "jsbn": "~0.1.0",
        "safer-buffer": "^2.1.0"
      }
    },
    "editions": {
      "version": "2.3.1",
      "resolved": "https://registry.npm.taobao.org/editions/download/editions-2.3.1.tgz",
      "integrity": "sha1-O8mWLxl46AExL70K6/7WO0m/5pg=",
      "requires": {
        "errlop": "^2.0.0",
        "semver": "^6.3.0"
      }
    },
    "ejs": {
      "version": "2.7.4",
      "resolved": "https://registry.npm.taobao.org/ejs/download/ejs-2.7.4.tgz?cache=0&sync_timestamp=1597678376225&other_urls=https%3A%2F%2Fregistry.npm.taobao.org%2Fejs%2Fdownload%2Fejs-2.7.4.tgz",
      "integrity": "sha1-SGYSh1c9zFPjZsehrlLDoSDuybo="
    },
    "end-of-stream": {
      "version": "1.4.4",
      "resolved": "https://registry.npm.taobao.org/end-of-stream/download/end-of-stream-1.4.4.tgz?cache=0&sync_timestamp=1569416272686&other_urls=https%3A%2F%2Fregistry.npm.taobao.org%2Fend-of-stream%2Fdownload%2Fend-of-stream-1.4.4.tgz",
      "integrity": "sha1-WuZKX0UFe682JuwU2gyl5LJDHrA=",
      "requires": {
        "once": "^1.4.0"
      }
    },
    "entities": {
      "version": "1.1.2",
      "resolved": "https://registry.npm.taobao.org/entities/download/entities-1.1.2.tgz?cache=0&other_urls=https%3A%2F%2Fregistry.npm.taobao.org%2Fentities%2Fdownload%2Fentities-1.1.2.tgz",
      "integrity": "sha1-vfpzUplmTfr9NFKe1PhSKidf6lY="
    },
    "errlop": {
      "version": "2.2.0",
      "resolved": "https://registry.npm.taobao.org/errlop/download/errlop-2.2.0.tgz",
      "integrity": "sha1-H/OD+PkXrjKL67gC1sppZmpC0hs="
    },
    "errno": {
      "version": "0.1.7",
      "resolved": "https://registry.npm.taobao.org/errno/download/errno-0.1.7.tgz",
      "integrity": "sha1-RoTXF3mtOa8Xfj8AeZb3xnyFJhg=",
      "optional": true,
      "requires": {
        "prr": "~1.0.1"
      }
    },
    "extend": {
      "version": "3.0.2",
      "resolved": "https://registry.npm.taobao.org/extend/download/extend-3.0.2.tgz",
      "integrity": "sha1-+LETa0Bx+9jrFAr/hYsQGewpFfo="
    },
    "extendr": {
      "version": "3.5.0",
      "resolved": "https://registry.npm.taobao.org/extendr/download/extendr-3.5.0.tgz",
      "integrity": "sha1-Q0Y+OW1OQfn7GlJpX9HTBqpNvII=",
      "requires": {
        "editions": "^2.2.0",
        "typechecker": "^4.7.0"
      }
    },
    "extract-opts": {
      "version": "3.4.0",
      "resolved": "https://registry.npm.taobao.org/extract-opts/download/extract-opts-3.4.0.tgz",
      "integrity": "sha1-qwenhziWoafjUPJ+LVJkXCzrqaw=",
      "requires": {
        "eachr": "^3.2.0",
        "editions": "^2.2.0",
        "typechecker": "^4.9.0"
      }
    },
    "extsprintf": {
      "version": "1.3.0",
      "resolved": "https://registry.npm.taobao.org/extsprintf/download/extsprintf-1.3.0.tgz",
      "integrity": "sha1-lpGEQOMEGnpBT4xS48V06zw+HgU=",
      "optional": true
    },
    "forever-agent": {
      "version": "0.6.1",
      "resolved": "https://registry.npm.taobao.org/forever-agent/download/forever-agent-0.6.1.tgz",
      "integrity": "sha1-+8cfDEGt6zf5bFd60e1C2P2sypE=",
      "optional": true
    },
    "form-data": {
      "version": "2.1.4",
      "resolved": "https://registry.npm.taobao.org/form-data/download/form-data-2.1.4.tgz",
      "integrity": "sha1-M8GDrPGTJ27KqYFDpp6Uv+4XUNE=",
      "optional": true,
      "requires": {
        "asynckit": "^0.4.0",
        "combined-stream": "^1.0.5",
        "mime-types": "^2.1.12"
      }
    },
    "fs-constants": {
      "version": "1.0.0",
      "resolved": "https://registry.npm.taobao.org/fs-constants/download/fs-constants-1.0.0.tgz",
      "integrity": "sha1-a+Dem+mYzhavivwkSXue6bfM2a0="
    },
    "getpass": {
      "version": "0.1.7",
      "resolved": "https://registry.npm.taobao.org/getpass/download/getpass-0.1.7.tgz",
      "integrity": "sha1-Xv+OPmhNVprkyysSgmBOi6YhSfo=",
      "optional": true,
      "requires": {
        "assert-plus": "^1.0.0"
      },
      "dependencies": {
        "assert-plus": {
          "version": "1.0.0",
          "resolved": "https://registry.npm.taobao.org/assert-plus/download/assert-plus-1.0.0.tgz",
          "integrity": "sha1-8S4PPF13sLHN2RRpQuTpbB5N1SU=",
          "optional": true
        }
      }
    },
    "graceful-fs": {
      "version": "4.2.4",
      "resolved": "https://registry.npm.taobao.org/graceful-fs/download/graceful-fs-4.2.4.tgz",
      "integrity": "sha1-Ila94U02MpWMRl68ltxGfKB6Kfs="
    },
    "graceful-readlink": {
      "version": "1.0.1",
      "resolved": "https://registry.npm.taobao.org/graceful-readlink/download/graceful-readlink-1.0.1.tgz",
      "integrity": "sha1-TK+tdrxi8C+gObL5Tpo906ORpyU="
    },
    "har-schema": {
      "version": "1.0.5",
      "resolved": "https://registry.npm.taobao.org/har-schema/download/har-schema-1.0.5.tgz",
      "integrity": "sha1-0mMTX0MwfALGAq/I/pWXDAFRNp4=",
      "optional": true
    },
    "har-validator": {
      "version": "4.2.1",
      "resolved": "https://registry.npm.taobao.org/har-validator/download/har-validator-4.2.1.tgz?cache=0&sync_timestamp=1596084327526&other_urls=https%3A%2F%2Fregistry.npm.taobao.org%2Fhar-validator%2Fdownload%2Fhar-validator-4.2.1.tgz",
      "integrity": "sha1-M0gdDxu/9gDdID11gSpqX7oALio=",
      "optional": true,
      "requires": {
        "ajv": "^4.9.1",
        "har-schema": "^1.0.5"
      }
    },
    "hawk": {
      "version": "3.1.3",
      "resolved": "https://registry.npm.taobao.org/hawk/download/hawk-3.1.3.tgz",
      "integrity": "sha1-B4REvXwWQLD+VA0sm3PVlnjo4cQ=",
      "optional": true,
      "requires": {
        "boom": "2.x.x",
        "cryptiles": "2.x.x",
        "hoek": "2.x.x",
        "sntp": "1.x.x"
      }
    },
    "highlight.js": {
      "version": "9.18.3",
      "resolved": "https://registry.npm.taobao.org/highlight.js/download/highlight.js-9.18.3.tgz",
      "integrity": "sha1-oaCiAo1eMUniOA+Khl7oUWcD1jQ="
    },
    "hoek": {
      "version": "2.16.3",
      "resolved": "https://registry.npm.taobao.org/hoek/download/hoek-2.16.3.tgz",
      "integrity": "sha1-ILt0A9POo5jpHcRxCo/xuCdKJe0=",
      "optional": true
    },
    "http-signature": {
      "version": "1.1.1",
      "resolved": "https://registry.npm.taobao.org/http-signature/download/http-signature-1.1.1.tgz",
      "integrity": "sha1-33LiZwZs0Kxn+3at+OE0qPvPkb8=",
      "optional": true,
      "requires": {
        "assert-plus": "^0.2.0",
        "jsprim": "^1.2.2",
        "sshpk": "^1.7.0"
      }
    },
    "ieee754": {
      "version": "1.1.13",
      "resolved": "https://registry.npm.taobao.org/ieee754/download/ieee754-1.1.13.tgz?cache=0&sync_timestamp=1594334947805&other_urls=https%3A%2F%2Fregistry.npm.taobao.org%2Fieee754%2Fdownload%2Fieee754-1.1.13.tgz",
      "integrity": "sha1-7BaFWOlaoYH9h9N/VcMrvLZwi4Q="
    },
    "ignorefs": {
      "version": "1.4.1",
      "resolved": "https://registry.npm.taobao.org/ignorefs/download/ignorefs-1.4.1.tgz",
      "integrity": "sha1-+sm+h3fhmZ1ReesVRtNqxcgJlQM=",
      "requires": {
        "editions": "^2.2.0",
        "ignorepatterns": "^1.4.0"
      }
    },
    "ignorepatterns": {
      "version": "1.4.0",
      "resolved": "https://registry.npm.taobao.org/ignorepatterns/download/ignorepatterns-1.4.0.tgz",
      "integrity": "sha1-Xdd8tAN21cvAkYLwVvX3qtlhqmI=",
      "requires": {
        "editions": "^2.2.0"
      }
    },
    "image-size": {
      "version": "0.5.5",
      "resolved": "https://registry.npm.taobao.org/image-size/download/image-size-0.5.5.tgz?cache=0&sync_timestamp=1599125252944&other_urls=https%3A%2F%2Fregistry.npm.taobao.org%2Fimage-size%2Fdownload%2Fimage-size-0.5.5.tgz",
      "integrity": "sha1-Cd/Uq50g4p6xw+gLiZA3jfnjy5w=",
      "optional": true
    },
    "inherits": {
      "version": "2.0.4",
      "resolved": "https://registry.npm.taobao.org/inherits/download/inherits-2.0.4.tgz?cache=0&sync_timestamp=1560975547815&other_urls=https%3A%2F%2Fregistry.npm.taobao.org%2Finherits%2Fdownload%2Finherits-2.0.4.tgz",
      "integrity": "sha1-D6LGT5MpF8NDOg3tVTY6rjdBa3w="
    },
    "is-finite": {
      "version": "1.1.0",
      "resolved": "https://registry.npm.taobao.org/is-finite/download/is-finite-1.1.0.tgz",
      "integrity": "sha1-kEE1x3+0LAZB1qobzbxNqo2ggvM="
    },
    "is-typedarray": {
      "version": "1.0.0",
      "resolved": "https://registry.npm.taobao.org/is-typedarray/download/is-typedarray-1.0.0.tgz",
      "integrity": "sha1-5HnICFjfDBsR3dppQPlgEfzaSpo=",
      "optional": true
    },
    "isarray": {
      "version": "0.0.1",
      "resolved": "https://registry.npm.taobao.org/isarray/download/isarray-0.0.1.tgz?cache=0&sync_timestamp=1562592096220&other_urls=https%3A%2F%2Fregistry.npm.taobao.org%2Fisarray%2Fdownload%2Fisarray-0.0.1.tgz",
      "integrity": "sha1-ihis/Kmo9Bd+Cav8YDiTmwXR7t8="
    },
    "isstream": {
      "version": "0.1.2",
      "resolved": "https://registry.npm.taobao.org/isstream/download/isstream-0.1.2.tgz",
      "integrity": "sha1-R+Y/evVa+m+S4VAOaQ64uFKcCZo=",
      "optional": true
    },
    "jsbn": {
      "version": "0.1.1",
      "resolved": "https://registry.npm.taobao.org/jsbn/download/jsbn-0.1.1.tgz",
      "integrity": "sha1-peZUwuWi3rXyAdls77yoDA7y9RM=",
      "optional": true
    },
    "jsdoctypeparser": {
      "version": "1.2.0",
      "resolved": "https://registry.npm.taobao.org/jsdoctypeparser/download/jsdoctypeparser-1.2.0.tgz",
      "integrity": "sha1-597cFToRhJ/8UUEUSuhqfvDCU5I=",
      "requires": {
        "lodash": "^3.7.0"
      }
    },
    "json-schema": {
      "version": "0.2.3",
      "resolved": "https://registry.npm.taobao.org/json-schema/download/json-schema-0.2.3.tgz?cache=0&sync_timestamp=1567740720822&other_urls=https%3A%2F%2Fregistry.npm.taobao.org%2Fjson-schema%2Fdownload%2Fjson-schema-0.2.3.tgz",
      "integrity": "sha1-tIDIkuWaLwWVTOcnvT8qTogvnhM=",
      "optional": true
    },
    "json-stable-stringify": {
      "version": "1.0.1",
      "resolved": "https://registry.npm.taobao.org/json-stable-stringify/download/json-stable-stringify-1.0.1.tgz",
      "integrity": "sha1-mnWdOcXy/1A/1TAGRu1EX4jE+a8=",
      "optional": true,
      "requires": {
        "jsonify": "~0.0.0"
      }
    },
    "json-stringify-safe": {
      "version": "5.0.1",
      "resolved": "https://registry.npm.taobao.org/json-stringify-safe/download/json-stringify-safe-5.0.1.tgz",
      "integrity": "sha1-Epai1Y/UXxmg9s4B1lcB4sc1tus=",
      "optional": true
    },
    "jsonify": {
      "version": "0.0.0",
      "resolved": "https://registry.npm.taobao.org/jsonify/download/jsonify-0.0.0.tgz",
      "integrity": "sha1-LHS27kHZPKUbe1qu6PUDYx0lKnM=",
      "optional": true
    },
    "jsonparse": {
      "version": "0.0.5",
      "resolved": "https://registry.npm.taobao.org/jsonparse/download/jsonparse-0.0.5.tgz",
      "integrity": "sha1-MwVCrT8KZUZlt3jz6y2an6UHrGQ="
    },
    "jsprim": {
      "version": "1.4.1",
      "resolved": "https://registry.npm.taobao.org/jsprim/download/jsprim-1.4.1.tgz",
      "integrity": "sha1-MT5mvB5cwG5Di8G3SZwuXFastqI=",
      "optional": true,
      "requires": {
        "assert-plus": "1.0.0",
        "extsprintf": "1.3.0",
        "json-schema": "0.2.3",
        "verror": "1.10.0"
      },
      "dependencies": {
        "assert-plus": {
          "version": "1.0.0",
          "resolved": "https://registry.npm.taobao.org/assert-plus/download/assert-plus-1.0.0.tgz",
          "integrity": "sha1-8S4PPF13sLHN2RRpQuTpbB5N1SU=",
          "optional": true
        }
      }
    },
    "less": {
      "version": "2.7.3",
      "resolved": "https://registry.npm.taobao.org/less/download/less-2.7.3.tgz?cache=0&sync_timestamp=1594913870107&other_urls=https%3A%2F%2Fregistry.npm.taobao.org%2Fless%2Fdownload%2Fless-2.7.3.tgz",
      "integrity": "sha1-zBJg9RyQCp7A2R+2mYE54CUHtjs=",
      "requires": {
        "errno": "^0.1.1",
        "graceful-fs": "^4.1.2",
        "image-size": "~0.5.0",
        "mime": "^1.2.11",
        "mkdirp": "^0.5.0",
        "promise": "^7.1.1",
        "request": "2.81.0",
        "source-map": "^0.5.3"
      },
      "dependencies": {
        "source-map": {
          "version": "0.5.7",
          "resolved": "https://registry.npm.taobao.org/source-map/download/source-map-0.5.7.tgz",
          "integrity": "sha1-igOdLRAh0i0eoUyA2OpGi6LvP8w=",
          "optional": true
        }
      }
    },
    "linkify-it": {
      "version": "1.2.4",
      "resolved": "https://registry.npm.taobao.org/linkify-it/download/linkify-it-1.2.4.tgz?cache=0&sync_timestamp=1589972899233&other_urls=https%3A%2F%2Fregistry.npm.taobao.org%2Flinkify-it%2Fdownload%2Flinkify-it-1.2.4.tgz",
      "integrity": "sha1-B3NSbDF8j9E71TTuHRgP+Iq/iBo=",
      "requires": {
        "uc.micro": "^1.0.1"
      }
    },
    "lodash": {
      "version": "3.10.1",
      "resolved": "https://registry.npm.taobao.org/lodash/download/lodash-3.10.1.tgz?cache=0&sync_timestamp=1597336147792&other_urls=https%3A%2F%2Fregistry.npm.taobao.org%2Flodash%2Fdownload%2Flodash-3.10.1.tgz",
      "integrity": "sha1-W/Rejkm6QYnhfUgnid/RW9FAt7Y="
    },
    "markdown-it": {
      "version": "6.1.1",
      "resolved": "https://registry.npm.taobao.org/markdown-it/download/markdown-it-6.1.1.tgz?cache=0&sync_timestamp=1600069685515&other_urls=https%3A%2F%2Fregistry.npm.taobao.org%2Fmarkdown-it%2Fdownload%2Fmarkdown-it-6.1.1.tgz",
      "integrity": "sha1-ztA39Ec+6fUVOsQU933IPJG6knw=",
      "requires": {
        "argparse": "^1.0.7",
        "entities": "~1.1.1",
        "linkify-it": "~1.2.2",
        "mdurl": "~1.0.1",
        "uc.micro": "^1.0.1"
      }
    },
    "marked": {
      "version": "0.3.19",
      "resolved": "https://registry.npm.taobao.org/marked/download/marked-0.3.19.tgz?cache=0&sync_timestamp=1594690265250&other_urls=https%3A%2F%2Fregistry.npm.taobao.org%2Fmarked%2Fdownload%2Fmarked-0.3.19.tgz",
      "integrity": "sha1-XUf3CcTJ/Dwha21GEnKA9As515A="
    },
    "mdurl": {
      "version": "1.0.1",
      "resolved": "https://registry.npm.taobao.org/mdurl/download/mdurl-1.0.1.tgz",
      "integrity": "sha1-/oWy7HWlkDfyrf7BAP1sYBdhFS4="
    },
    "memorystream": {
      "version": "0.3.1",
      "resolved": "https://registry.npm.taobao.org/memorystream/download/memorystream-0.3.1.tgz",
      "integrity": "sha1-htcJCzDORV1j+64S3aUaR93K+bI="
    },
    "mime": {
      "version": "1.6.0",
      "resolved": "https://registry.npm.taobao.org/mime/download/mime-1.6.0.tgz",
      "integrity": "sha1-Ms2eXGRVO9WNGaVor0Uqz/BJgbE=",
      "optional": true
    },
    "mime-db": {
      "version": "1.44.0",
      "resolved": "https://registry.npm.taobao.org/mime-db/download/mime-db-1.44.0.tgz?cache=0&sync_timestamp=1600832902046&other_urls=https%3A%2F%2Fregistry.npm.taobao.org%2Fmime-db%2Fdownload%2Fmime-db-1.44.0.tgz",
      "integrity": "sha1-+hHF6wrKEzS0Izy01S8QxaYnL5I=",
      "optional": true
    },
    "mime-types": {
      "version": "2.1.27",
      "resolved": "https://registry.npm.taobao.org/mime-types/download/mime-types-2.1.27.tgz",
      "integrity": "sha1-R5SfmOJ56lMRn1ci4PNOUpvsAJ8=",
      "optional": true,
      "requires": {
        "mime-db": "1.44.0"
      }
    },
    "minimist": {
      "version": "1.2.5",
      "resolved": "https://registry.npm.taobao.org/minimist/download/minimist-1.2.5.tgz",
      "integrity": "sha1-Z9ZgFLZqaoqqDAg8X9WN9OTpdgI="
    },
    "mkdirp": {
      "version": "0.5.5",
      "resolved": "https://registry.npm.taobao.org/mkdirp/download/mkdirp-0.5.5.tgz?cache=0&sync_timestamp=1588819864223&other_urls=https%3A%2F%2Fregistry.npm.taobao.org%2Fmkdirp%2Fdownload%2Fmkdirp-0.5.5.tgz",
      "integrity": "sha1-2Rzv1i0UNsoPQWIOJRKI1CAJne8=",
      "requires": {
        "minimist": "^1.2.5"
      }
    },
    "mkdirp-classic": {
      "version": "0.5.3",
      "resolved": "https://registry.npm.taobao.org/mkdirp-classic/download/mkdirp-classic-0.5.3.tgz",
      "integrity": "sha1-+hDJEVzG2IZb4iG6R+6b7XhgERM="
    },
    "ms": {
      "version": "2.0.0",
      "resolved": "https://registry.npm.taobao.org/ms/download/ms-2.0.0.tgz",
      "integrity": "sha1-VgiurfwAvmwpAd9fmGF4jeDVl8g="
    },
    "node-docker-api": {
      "version": "1.1.22",
      "resolved": "https://registry.npm.taobao.org/node-docker-api/download/node-docker-api-1.1.22.tgz",
      "integrity": "sha1-IwMn79MJpuxzAr8/QEq3YAQKWAY=",
      "requires": {
        "docker-modem": "^0.3.1",
        "memorystream": "^0.3.1"
      }
    },
    "oauth-sign": {
      "version": "0.8.2",
      "resolved": "https://registry.npm.taobao.org/oauth-sign/download/oauth-sign-0.8.2.tgz",
      "integrity": "sha1-Rqarfwrq2N6unsBWV4C31O/rnUM=",
      "optional": true
    },
    "once": {
      "version": "1.4.0",
      "resolved": "https://registry.npm.taobao.org/once/download/once-1.4.0.tgz",
      "integrity": "sha1-WDsap3WWHUsROsF9nFC6753Xa9E=",
      "requires": {
        "wrappy": "1"
      }
    },
    "performance-now": {
      "version": "0.2.0",
      "resolved": "https://registry.npm.taobao.org/performance-now/download/performance-now-0.2.0.tgz",
      "integrity": "sha1-M+8wxcd9TqIcWlOGnZG1bY8lVeU=",
      "optional": true
    },
    "promise": {
      "version": "7.3.1",
      "resolved": "https://registry.npm.taobao.org/promise/download/promise-7.3.1.tgz",
      "integrity": "sha1-BktyYCsY+Q8pGSuLG8QY/9Hr078=",
      "optional": true,
      "requires": {
        "asap": "~2.0.3"
      }
    },
    "prr": {
      "version": "1.0.1",
      "resolved": "https://registry.npm.taobao.org/prr/download/prr-1.0.1.tgz",
      "integrity": "sha1-0/wRS6BplaRexok/SEzrHXj19HY=",
      "optional": true
    },
    "pump": {
      "version": "3.0.0",
      "resolved": "https://registry.npm.taobao.org/pump/download/pump-3.0.0.tgz",
      "integrity": "sha1-tKIRaBW94vTh6mAjVOjHVWUQemQ=",
      "requires": {
        "end-of-stream": "^1.1.0",
        "once": "^1.3.1"
      }
    },
    "punycode": {
      "version": "1.4.1",
      "resolved": "https://registry.npm.taobao.org/punycode/download/punycode-1.4.1.tgz",
      "integrity": "sha1-wNWmOycYgArY4esPpSachN1BhF4=",
      "optional": true
    },
    "qs": {
      "version": "6.4.0",
      "resolved": "https://registry.npm.taobao.org/qs/download/qs-6.4.0.tgz",
      "integrity": "sha1-E+JtKK1rD/qpExLNO/cI7TUecjM=",
      "optional": true
    },
    "querystring": {
      "version": "0.2.0",
      "resolved": "https://registry.npm.taobao.org/querystring/download/querystring-0.2.0.tgz",
      "integrity": "sha1-sgmEkgO7Jd+CDadW50cAWHhSFiA="
    },
    "readable-stream": {
      "version": "1.0.34",
      "resolved": "https://registry.npm.taobao.org/readable-stream/download/readable-stream-1.0.34.tgz",
      "integrity": "sha1-Elgg40vIQtLyqq+v5MKRbuMsFXw=",
      "requires": {
        "core-util-is": "~1.0.0",
        "inherits": "~2.0.1",
        "isarray": "0.0.1",
        "string_decoder": "~0.10.x"
      }
    },
    "repeating": {
      "version": "2.0.1",
      "resolved": "https://registry.npm.taobao.org/repeating/download/repeating-2.0.1.tgz",
      "integrity": "sha1-UhTFOpJtNVJwdSf7q0FdvAjQbdo=",
      "requires": {
        "is-finite": "^1.0.0"
      }
    },
    "request": {
      "version": "2.81.0",
      "resolved": "https://registry.npm.taobao.org/request/download/request-2.81.0.tgz?cache=0&sync_timestamp=1581439006948&other_urls=https%3A%2F%2Fregistry.npm.taobao.org%2Frequest%2Fdownload%2Frequest-2.81.0.tgz",
      "integrity": "sha1-xpKJRqDgbF+Nb4qTM0af/aRimKA=",
      "optional": true,
      "requires": {
        "aws-sign2": "~0.6.0",
        "aws4": "^1.2.1",
        "caseless": "~0.12.0",
        "combined-stream": "~1.0.5",
        "extend": "~3.0.0",
        "forever-agent": "~0.6.1",
        "form-data": "~2.1.1",
        "har-validator": "~4.2.1",
        "hawk": "~3.1.3",
        "http-signature": "~1.1.0",
        "is-typedarray": "~1.0.0",
        "isstream": "~0.1.2",
        "json-stringify-safe": "~5.0.1",
        "mime-types": "~2.1.7",
        "oauth-sign": "~0.8.1",
        "performance-now": "^0.2.0",
        "qs": "~6.4.0",
        "safe-buffer": "^5.0.1",
        "stringstream": "~0.0.4",
        "tough-cookie": "~2.3.0",
        "tunnel-agent": "^0.6.0",
        "uuid": "^3.0.0"
      }
    },
    "resolve-url": {
      "version": "0.2.1",
      "resolved": "https://registry.npm.taobao.org/resolve-url/download/resolve-url-0.2.1.tgz?cache=0&sync_timestamp=1585438700247&other_urls=https%3A%2F%2Fregistry.npm.taobao.org%2Fresolve-url%2Fdownload%2Fresolve-url-0.2.1.tgz",
      "integrity": "sha1-LGN/53yJOv0qZj/iGqkIAGjiBSo="
    },
    "safe-buffer": {
      "version": "5.2.1",
      "resolved": "https://registry.npm.taobao.org/safe-buffer/download/safe-buffer-5.2.1.tgz",
      "integrity": "sha1-Hq+fqb2x/dTsdfWPnNtOa3gn7sY="
    },
    "safefs": {
      "version": "4.2.0",
      "resolved": "https://registry.npm.taobao.org/safefs/download/safefs-4.2.0.tgz",
      "integrity": "sha1-bWDTrsxHw9ArDs857go3mMs2Mhg=",
      "requires": {
        "editions": "^2.2.0",
        "graceful-fs": "^4.2.3"
      }
    },
    "safeps": {
      "version": "7.0.1",
      "resolved": "https://registry.npm.taobao.org/safeps/download/safeps-7.0.1.tgz",
      "integrity": "sha1-FXPMsJy/AeAckFIr68bIsicL8hk=",
      "requires": {
        "editions": "^1.3.3",
        "extract-opts": "^3.3.1",
        "safefs": "^4.1.0",
        "taskgroup": "^5.0.0",
        "typechecker": "^4.3.0"
      },
      "dependencies": {
        "editions": {
          "version": "1.3.4",
          "resolved": "https://registry.npm.taobao.org/editions/download/editions-1.3.4.tgz",
          "integrity": "sha1-NmLLWSNHwxaOuOSYoP9zJx1n9Qs="
        }
      }
    },
    "safer-buffer": {
      "version": "2.1.2",
      "resolved": "https://registry.npm.taobao.org/safer-buffer/download/safer-buffer-2.1.2.tgz?cache=0&other_urls=https%3A%2F%2Fregistry.npm.taobao.org%2Fsafer-buffer%2Fdownload%2Fsafer-buffer-2.1.2.tgz",
      "integrity": "sha1-RPoWGwGHuVSd2Eu5GAL5vYOFzWo=",
      "optional": true
    },
    "scandirectory": {
      "version": "2.5.0",
      "resolved": "https://registry.npm.taobao.org/scandirectory/download/scandirectory-2.5.0.tgz",
      "integrity": "sha1-bOA/VKCQtmjjy+2/IO354xBZPnI=",
      "requires": {
        "ignorefs": "^1.0.0",
        "safefs": "^3.1.2",
        "taskgroup": "^4.0.5"
      },
      "dependencies": {
        "safefs": {
          "version": "3.2.2",
          "resolved": "https://registry.npm.taobao.org/safefs/download/safefs-3.2.2.tgz",
          "integrity": "sha1-gXDBRE1wOOCMrqBaN0+uL6NJ4Vw=",
          "requires": {
            "graceful-fs": "*"
          }
        },
        "taskgroup": {
          "version": "4.3.1",
          "resolved": "https://registry.npm.taobao.org/taskgroup/download/taskgroup-4.3.1.tgz",
          "integrity": "sha1-feGT/r12gnPEV3MElwJNUSwnkVo=",
          "requires": {
            "ambi": "^2.2.0",
            "csextends": "^1.0.3"
          }
        }
      }
    },
    "semver": {
      "version": "6.3.0",
      "resolved": "https://registry.npm.taobao.org/semver/download/semver-6.3.0.tgz?cache=0&sync_timestamp=1586886301819&other_urls=https%3A%2F%2Fregistry.npm.taobao.org%2Fsemver%2Fdownload%2Fsemver-6.3.0.tgz",
      "integrity": "sha1-7gpkyK9ejO6mdoexM3YeG+y9HT0="
    },
    "slug": {
      "version": "0.4.2",
      "resolved": "https://registry.npm.taobao.org/slug/download/slug-0.4.2.tgz",
      "integrity": "sha1-XzgA79OQcbjX1WomQj36qqzkwEg=",
      "requires": {
        "unicode": ">= 0.3.1"
      }
    },
    "sntp": {
      "version": "1.0.9",
      "resolved": "https://registry.npm.taobao.org/sntp/download/sntp-1.0.9.tgz",
      "integrity": "sha1-ZUEYTMkK7qbG57NeJlkIJEPGYZg=",
      "optional": true,
      "requires": {
        "hoek": "2.x.x"
      }
    },
    "source-map": {
      "version": "0.6.1",
      "resolved": "https://registry.npm.taobao.org/source-map/download/source-map-0.6.1.tgz",
      "integrity": "sha1-dHIq8y6WFOnCh6jQu95IteLxomM="
    },
    "source-map-resolve": {
      "version": "0.5.3",
      "resolved": "https://registry.npm.taobao.org/source-map-resolve/download/source-map-resolve-0.5.3.tgz",
      "integrity": "sha1-GQhmvs51U+H48mei7oLGBrVQmho=",
      "requires": {
        "atob": "^2.1.2",
        "decode-uri-component": "^0.2.0",
        "resolve-url": "^0.2.1",
        "source-map-url": "^0.4.0",
        "urix": "^0.1.0"
      }
    },
    "source-map-url": {
      "version": "0.4.0",
      "resolved": "https://registry.npm.taobao.org/source-map-url/download/source-map-url-0.4.0.tgz",
      "integrity": "sha1-PpNdfd1zYxuXZZlW1VEo6HtQhKM="
    },
    "split-ca": {
      "version": "1.0.1",
      "resolved": "https://registry.npm.taobao.org/split-ca/download/split-ca-1.0.1.tgz",
      "integrity": "sha1-bIOv82kvphJW4M0ZfgXp3hV2kaY="
    },
    "sprintf-js": {
      "version": "1.0.3",
      "resolved": "https://registry.npm.taobao.org/sprintf-js/download/sprintf-js-1.0.3.tgz",
      "integrity": "sha1-BOaSb2YolTVPPdAVIDYzuFcpfiw="
    },
    "sshpk": {
      "version": "1.16.1",
      "resolved": "https://registry.npm.taobao.org/sshpk/download/sshpk-1.16.1.tgz",
      "integrity": "sha1-+2YcC+8ps520B2nuOfpwCT1vaHc=",
      "optional": true,
      "requires": {
        "asn1": "~0.2.3",
        "assert-plus": "^1.0.0",
        "bcrypt-pbkdf": "^1.0.0",
        "dashdash": "^1.12.0",
        "ecc-jsbn": "~0.1.1",
        "getpass": "^0.1.1",
        "jsbn": "~0.1.0",
        "safer-buffer": "^2.0.2",
        "tweetnacl": "~0.14.0"
      },
      "dependencies": {
        "assert-plus": {
          "version": "1.0.0",
          "resolved": "https://registry.npm.taobao.org/assert-plus/download/assert-plus-1.0.0.tgz",
          "integrity": "sha1-8S4PPF13sLHN2RRpQuTpbB5N1SU=",
          "optional": true
        }
      }
    },
    "string_decoder": {
      "version": "0.10.31",
      "resolved": "https://registry.npm.taobao.org/string_decoder/download/string_decoder-0.10.31.tgz",
      "integrity": "sha1-YuIDvEF2bGwoyfyEMB2rHFMQ+pQ="
    },
    "stringstream": {
      "version": "0.0.6",
      "resolved": "https://registry.npm.taobao.org/stringstream/download/stringstream-0.0.6.tgz",
      "integrity": "sha1-eIAiWw1K0Q4wkn0Weh1vL9OzOnI=",
      "optional": true
    },
    "strip-indent": {
      "version": "2.0.0",
      "resolved": "https://registry.npm.taobao.org/strip-indent/download/strip-indent-2.0.0.tgz",
      "integrity": "sha1-XvjbKV0B5u1sv3qrlpmNeCJSe2g="
    },
    "tar-fs": {
      "version": "2.1.0",
      "resolved": "https://registry.npm.taobao.org/tar-fs/download/tar-fs-2.1.0.tgz?cache=0&sync_timestamp=1589682838618&other_urls=https%3A%2F%2Fregistry.npm.taobao.org%2Ftar-fs%2Fdownload%2Ftar-fs-2.1.0.tgz",
      "integrity": "sha1-0c3RIatGXuDrnM3i01BJ0/Pa8NU=",
      "requires": {
        "chownr": "^1.1.1",
        "mkdirp-classic": "^0.5.2",
        "pump": "^3.0.0",
        "tar-stream": "^2.0.0"
      }
    },
    "tar-stream": {
      "version": "2.1.4",
      "resolved": "https://registry.npm.taobao.org/tar-stream/download/tar-stream-2.1.4.tgz?cache=0&sync_timestamp=1599741946254&other_urls=https%3A%2F%2Fregistry.npm.taobao.org%2Ftar-stream%2Fdownload%2Ftar-stream-2.1.4.tgz",
      "integrity": "sha1-xPsaEesNopuJOlslR2OXui0FO/o=",
      "requires": {
        "bl": "^4.0.3",
        "end-of-stream": "^1.4.1",
        "fs-constants": "^1.0.0",
        "inherits": "^2.0.3",
        "readable-stream": "^3.1.1"
      },
      "dependencies": {
        "readable-stream": {
          "version": "3.6.0",
          "resolved": "https://registry.npm.taobao.org/readable-stream/download/readable-stream-3.6.0.tgz",
          "integrity": "sha1-M3u9o63AcGvT4CRCaihtS0sskZg=",
          "requires": {
            "inherits": "^2.0.3",
            "string_decoder": "^1.1.1",
            "util-deprecate": "^1.0.1"
          }
        },
        "string_decoder": {
          "version": "1.3.0",
          "resolved": "https://registry.npm.taobao.org/string_decoder/download/string_decoder-1.3.0.tgz",
          "integrity": "sha1-QvEUWUpGzxqOMLCoT1bHjD7awh4=",
          "requires": {
            "safe-buffer": "~5.2.0"
          }
        }
      }
    },
    "taskgroup": {
      "version": "5.5.0",
      "resolved": "https://registry.npm.taobao.org/taskgroup/download/taskgroup-5.5.0.tgz",
      "integrity": "sha1-vpOSbJ6qkFvj5Ptpx7WgL5JLqjU=",
      "requires": {
        "ambi": "3.2.0",
        "eachr": "^3.2.0",
        "editions": "^2.2.0",
        "extendr": "^3.5.0",
        "safeps": "7.0.1",
        "unbounded": "^1.2.0"
      },
      "dependencies": {
        "ambi": {
          "version": "3.2.0",
          "resolved": "https://registry.npm.taobao.org/ambi/download/ambi-3.2.0.tgz",
          "integrity": "sha1-E7Rfz2hFRl9lITf4AXYyLpEbcNY=",
          "requires": {
            "editions": "^2.1.0",
            "typechecker": "^4.3.0"
          }
        }
      }
    },
    "through": {
      "version": "2.3.8",
      "resolved": "https://registry.npm.taobao.org/through/download/through-2.3.8.tgz",
      "integrity": "sha1-DdTJ/6q8NXlgsbckEV1+Doai4fU="
    },
    "toc": {
      "version": "0.4.0",
      "resolved": "https://registry.npm.taobao.org/toc/download/toc-0.4.0.tgz",
      "integrity": "sha1-3qxxyNfOB8UUkaqjNnImoBPpv2E=",
      "requires": {
        "entities": "~0.5.0",
        "lodash": "~2.4.1",
        "slug": "~0.4.2"
      },
      "dependencies": {
        "entities": {
          "version": "0.5.0",
          "resolved": "https://registry.npm.taobao.org/entities/download/entities-0.5.0.tgz?cache=0&other_urls=https%3A%2F%2Fregistry.npm.taobao.org%2Fentities%2Fdownload%2Fentities-0.5.0.tgz",
          "integrity": "sha1-9hHLWuIhBQ4AEsZpeVA/164ZzEk="
        },
        "lodash": {
          "version": "2.4.2",
          "resolved": "https://registry.npm.taobao.org/lodash/download/lodash-2.4.2.tgz?cache=0&sync_timestamp=1597336147792&other_urls=https%3A%2F%2Fregistry.npm.taobao.org%2Flodash%2Fdownload%2Flodash-2.4.2.tgz",
          "integrity": "sha1-+t2DS5aDBz2hebPq5tnA0VBT9z4="
        }
      }
    },
    "tough-cookie": {
      "version": "2.3.4",
      "resolved": "https://registry.npm.taobao.org/tough-cookie/download/tough-cookie-2.3.4.tgz?cache=0&other_urls=https%3A%2F%2Fregistry.npm.taobao.org%2Ftough-cookie%2Fdownload%2Ftough-cookie-2.3.4.tgz",
      "integrity": "sha1-7GDO44rGdQY//JelwYlwV47oNlU=",
      "optional": true,
      "requires": {
        "punycode": "^1.4.1"
      }
    },
    "tunnel-agent": {
      "version": "0.6.0",
      "resolved": "https://registry.npm.taobao.org/tunnel-agent/download/tunnel-agent-0.6.0.tgz",
      "integrity": "sha1-J6XeoGs2sEoKmWZ3SykIaPD8QP0=",
      "optional": true,
      "requires": {
        "safe-buffer": "^5.0.1"
      }
    },
    "tweetnacl": {
      "version": "0.14.5",
      "resolved": "https://registry.npm.taobao.org/tweetnacl/download/tweetnacl-0.14.5.tgz",
      "integrity": "sha1-WuaBd/GS1EViadEIr6k/+HQ/T2Q=",
      "optional": true
    },
    "typechecker": {
      "version": "4.11.0",
      "resolved": "https://registry.npm.taobao.org/typechecker/download/typechecker-4.11.0.tgz",
      "integrity": "sha1-ghnNkNL3tYWj9a+cFGyKI4kfHqw=",
      "requires": {
        "editions": "^2.2.0"
      }
    },
    "uc.micro": {
      "version": "1.0.6",
      "resolved": "https://registry.npm.taobao.org/uc.micro/download/uc.micro-1.0.6.tgz",
      "integrity": "sha1-nEEagCpAmpH8bPdAgbq6NLJEmaw="
    },
    "unbounded": {
      "version": "1.3.0",
      "resolved": "https://registry.npm.taobao.org/unbounded/download/unbounded-1.3.0.tgz",
      "integrity": "sha1-643mTQkta5qFAj7RYjsGiRR0+Z0=",
      "requires": {
        "editions": "^2.2.0"
      }
    },
    "unicode": {
      "version": "12.1.0",
      "resolved": "https://registry.npm.taobao.org/unicode/download/unicode-12.1.0.tgz",
      "integrity": "sha1-fuU6egylU5s1NBlDKCPY2li7vzM="
    },
    "urix": {
      "version": "0.1.0",
      "resolved": "https://registry.npm.taobao.org/urix/download/urix-0.1.0.tgz",
      "integrity": "sha1-2pN/emLiH+wf0Y1Js1wpNQZ6bHI="
    },
    "url": {
      "version": "0.11.0",
      "resolved": "https://registry.npm.taobao.org/url/download/url-0.11.0.tgz",
      "integrity": "sha1-ODjpfPxgUh63PFJajlW/3Z4uKPE=",
      "requires": {
        "punycode": "1.3.2",
        "querystring": "0.2.0"
      },
      "dependencies": {
        "punycode": {
          "version": "1.3.2",
          "resolved": "https://registry.npm.taobao.org/punycode/download/punycode-1.3.2.tgz",
          "integrity": "sha1-llOgNvt8HuQjQvIyXM7v6jkmxI0="
        }
      }
    },
    "util-deprecate": {
      "version": "1.0.2",
      "resolved": "https://registry.npm.taobao.org/util-deprecate/download/util-deprecate-1.0.2.tgz",
      "integrity": "sha1-RQ1Nyfpw3nMnYvvS1KKJgUGaDM8="
    },
    "uuid": {
      "version": "3.4.0",
      "resolved": "https://registry.npm.taobao.org/uuid/download/uuid-3.4.0.tgz?cache=0&sync_timestamp=1595884879134&other_urls=https%3A%2F%2Fregistry.npm.taobao.org%2Fuuid%2Fdownload%2Fuuid-3.4.0.tgz",
      "integrity": "sha1-sj5DWK+oogL+ehAK8fX4g/AgB+4=",
      "optional": true
    },
    "verror": {
      "version": "1.10.0",
      "resolved": "https://registry.npm.taobao.org/verror/download/verror-1.10.0.tgz",
      "integrity": "sha1-OhBcoXBTr1XW4nDB+CiGguGNpAA=",
      "optional": true,
      "requires": {
        "assert-plus": "^1.0.0",
        "core-util-is": "1.0.2",
        "extsprintf": "^1.2.0"
      },
      "dependencies": {
        "assert-plus": {
          "version": "1.0.0",
          "resolved": "https://registry.npm.taobao.org/assert-plus/download/assert-plus-1.0.0.tgz",
          "integrity": "sha1-8S4PPF13sLHN2RRpQuTpbB5N1SU=",
          "optional": true
        }
      }
    },
    "watchr": {
      "version": "2.6.0",
      "resolved": "https://registry.npm.taobao.org/watchr/download/watchr-2.6.0.tgz",
      "integrity": "sha1-51xCOxC+eSZ6DD73bi6hBP4CZ6U=",
      "requires": {
        "eachr": "^3.2.0",
        "extendr": "^3.2.2",
        "extract-opts": "^3.3.1",
        "ignorefs": "^1.1.1",
        "safefs": "^4.1.0",
        "scandirectory": "^2.5.0",
        "taskgroup": "^5.0.1",
        "typechecker": "^4.3.0"
      }
    },
    "wrappy": {
      "version": "1.0.2",
      "resolved": "https://registry.npm.taobao.org/wrappy/download/wrappy-1.0.2.tgz",
      "integrity": "sha1-tSQ9jz7BqjXxNkYFvA0QNuMKtp8="
    }
  }
}
